
Microsoft Visual Studio Solution File, Format Version 12.00
# Visual Studio Version 17
VisualStudioVersion = 17.6.33815.320
MinimumVisualStudioVersion = 10.0.40219.1
Project("{FAE04EC0-301F-11D3-BF4B-00C04F79EFBC}") = "YudaChat", "YudaChat\YudaChat.csproj", "{2E871083-D597-454F-AEBC-6F5B9D800AB5}"
EndProject
Global
	GlobalSection(SolutionConfigurationPlatforms) = preSolution
		Debug|Any CPU = Debug|Any CPU
		Release|Any CPU = Release|Any CPU
	EndGlobalSection
	GlobalSection(ProjectConfigurationPlatforms) = postSolution
		{2E871083-D597-454F-AEBC-6F5B9D800AB5}.Debug|Any CPU.ActiveCfg = Debug|Any CPU
		{2E871083-D597-454F-AEBC-6F5B9D800AB5}.Debug|Any CPU.Build.0 = Debug|Any CPU
		{2E871083-D597-454F-AEBC-6F5B9D800AB5}.Release|Any CPU.ActiveCfg = Release|Any CPU
		{2E871083-D597-454F-AEBC-6F5B9D800AB5}.Release|Any CPU.Build.0 = Release|Any CPU
	EndGlobalSection
	GlobalSection(SolutionProperties) = preSolution
		HideSolutionNode = FALSE
	EndGlobalSection
	GlobalSection(ExtensibilityGlobals) = postSolution
		SolutionGuid = {FDCFC40E-842E-4045-BE7C-986ED6714BE1}
	EndGlobalSection
EndGlobal
